Microsoft Visual Studio Solution File, Format Version 12.00
# Visual Studio Version 17
VisualStudioVersion = 17.5.2.0
MinimumVisualStudioVersion = 10.0.40219.1
Project("{FAE04EC0-301F-11D3-BF4B-00C04F79EFBC}") = "task-scheduler", "task-scheduler.csproj", "{6F606075-88F6-474B-B2AA-F54AB5AEB038}"
EndProject
Global
	GlobalSection(SolutionConfigurationPlatforms) = preSolution
		Debug|Any CPU = Debug|Any CPU
		Release|Any CPU = Release|Any CPU
	EndGlobalSection
	GlobalSection(ProjectConfigurationPlatforms) = postSolution
		{6F606075-88F6-474B-B2AA-F54AB5AEB038}.Debug|Any CPU.ActiveCfg = Debug|Any CPU
		{6F606075-88F6-474B-B2AA-F54AB5AEB038}.Debug|Any CPU.Build.0 = Debug|Any CPU
		{6F606075-88F6-474B-B2AA-F54AB5AEB038}.Release|Any CPU.ActiveCfg = Release|Any CPU
		{6F606075-88F6-474B-B2AA-F54AB5AEB038}.Release|Any CPU.Build.0 = Release|Any CPU
	EndGlobalSection
	GlobalSection(SolutionProperties) = preSolution
		HideSolutionNode = FALSE
	EndGlobalSection
	GlobalSection(ExtensibilityGlobals) = postSolution
		SolutionGuid = {4AD3213D-EE44-48B2-98D7-32F3B4DD1FFC}
	EndGlobalSection
EndGlobal
